
Microsoft Visual Studio Solution File, Format Version 12.00
# Visual Studio Version 17
VisualStudioVersion = 17.6.33829.357
MinimumVisualStudioVersion = 10.0.40219.1
Project("{9A19103F-16F7-4668-BE54-9A1E7A4F7556}") = "ExercicioRevisao2", "ExercicioRevisao2.csproj", "{0D9B0C09-6FFA-47E2-88B8-18D65B0506EA}"
EndProject
Global
	GlobalSection(SolutionConfigurationPlatforms) = preSolution
		Debug|Any CPU = Debug|Any CPU
		Release|Any CPU = Release|Any CPU
	EndGlobalSection
	GlobalSection(ProjectConfigurationPlatforms) = postSolution
		{0D9B0C09-6FFA-47E2-88B8-18D65B0506EA}.Debug|Any CPU.ActiveCfg = Debug|Any CPU
		{0D9B0C09-6FFA-47E2-88B8-18D65B0506EA}.Debug|Any CPU.Build.0 = Debug|Any CPU
		{0D9B0C09-6FFA-47E2-88B8-18D65B0506EA}.Release|Any CPU.ActiveCfg = Release|Any CPU
		{0D9B0C09-6FFA-47E2-88B8-18D65B0506EA}.Release|Any CPU.Build.0 = Release|Any CPU
	EndGlobalSection
	GlobalSection(SolutionProperties) = preSolution
		HideSolutionNode = FALSE
	EndGlobalSection
	GlobalSection(ExtensibilityGlobals) = postSolution
		SolutionGuid = {D3F2B33A-B0E4-4B58-9A93-7ECACEE5D7C6}
	EndGlobalSection
EndGlobal
