
Microsoft Visual Studio Solution File, Format Version 12.00
# Visual Studio Version 17
VisualStudioVersion = 17.6.33829.357
MinimumVisualStudioVersion = 10.0.40219.1
Project("{9A19103F-16F7-4668-BE54-9A1E7A4F7556}") = "ExercicioRevisao1", "ExercicioRevisao1.csproj", "{6172F907-698D-4735-A833-0E007D7529ED}"
EndProject
Global
	GlobalSection(SolutionConfigurationPlatforms) = preSolution
		Debug|Any CPU = Debug|Any CPU
		Release|Any CPU = Release|Any CPU
	EndGlobalSection
	GlobalSection(ProjectConfigurationPlatforms) = postSolution
		{6172F907-698D-4735-A833-0E007D7529ED}.Debug|Any CPU.ActiveCfg = Debug|Any CPU
		{6172F907-698D-4735-A833-0E007D7529ED}.Debug|Any CPU.Build.0 = Debug|Any CPU
		{6172F907-698D-4735-A833-0E007D7529ED}.Release|Any CPU.ActiveCfg = Release|Any CPU
		{6172F907-698D-4735-A833-0E007D7529ED}.Release|Any CPU.Build.0 = Release|Any CPU
	EndGlobalSection
	GlobalSection(SolutionProperties) = preSolution
		HideSolutionNode = FALSE
	EndGlobalSection
	GlobalSection(ExtensibilityGlobals) = postSolution
		SolutionGuid = {C6B31A12-721E-42F8-824D-6BAE43E87B51}
	EndGlobalSection
EndGlobal
